// !$*UTF8*$!
{
	archiveVersion = 1;
	classes = {
	};
	objectVersion = 56;
	objects = {

/* Begin PBXBuildFile section */
		3D605EB52B53CAA9007C7463 /* Localizable.xcstrings in Resources */ = {isa = PBXBuildFile; fileRef = 3D605EB42B53CAA9007C7463 /* Localizable.xcstrings */; };
		3D68314C2B23075700F09244 /* Pull_to_doApp.swift in Sources */ = {isa = PBXBuildFile; fileRef = 3D68314B2B23075700F09244 /* Pull_to_doApp.swift */; };
		3D68314E2B23075700F09244 /* ContentView.swift in Sources */ = {isa = PBXBuildFile; fileRef = 3D68314D2B23075700F09244 /* ContentView.swift */; };
		3D6831502B23075800F09244 /* Assets.xcassets in Resources */ = {isa = PBXBuildFile; fileRef = 3D68314F2B23075800F09244 /* Assets.xcassets */; };
		3D6831532B23075800F09244 /* Preview Assets.xcassets in Resources */ = {isa = PBXBuildFile; fileRef = 3D6831522B23075800F09244 /* Preview Assets.xcassets */; };
		3D68315D2B23075800F09244 /* Pull_to_doTests.swift in Sources */ = {isa = PBXBuildFile; fileRef = 3D68315C2B23075800F09244 /* Pull_to_doTests.swift */; };
		3D6831672B23075800F09244 /* Pull_to_doUITests.swift in Sources */ = {isa = PBXBuildFile; fileRef = 3D6831662B23075800F09244 /* Pull_to_doUITests.swift */; };
		3D6831692B23075800F09244 /* Pull_to_doUITestsLaunchTests.swift in Sources */ = {isa = PBXBuildFile; fileRef = 3D6831682B23075800F09244 /* Pull_to_doUITestsLaunchTests.swift */; };
		3D7EB8302B49AE7200AC6378 /* SwiftUI-Refresher-1.1.7.zip in Resources */ = {isa = PBXBuildFile; fileRef = 3D7EB82F2B49AE7200AC6378 /* SwiftUI-Refresher-1.1.7.zip */; };
/* End PBXBuildFile section */

/* Begin PBXContainerItemProxy section */
		3D6831592B23075800F09244 /* PBXContainerItemProxy */ = {
			isa = PBXContainerItemProxy;
			containerPortal = 3D6831402B23075700F09244 /* Project object */;
			proxyType = 1;
			remoteGlobalIDString = 3D6831472B23075700F09244;
			remoteInfo = "Pull to do";
		};
		3D6831632B23075800F09244 /* PBXContainerItemProxy */ = {
			isa = PBXContainerItemProxy;
			containerPortal = 3D6831402B23075700F09244 /* Project object */;
			proxyType = 1;
			remoteGlobalIDString = 3D6831472B23075700F09244;
			remoteInfo = "Pull to do";
		};
/* End PBXContainerItemProxy section */

/* Begin PBXFileReference section */
		3D605EB42B53CAA9007C7463 /* Localizable.xcstrings */ = {isa = PBXFileReference; lastKnownFileType = text.json.xcstrings; path = Localizable.xcstrings; sourceTree = "<group>"; };
		3D6831482B23075700F09244 /* Pull to do.app */ = {isa = PBXFileReference; explicitFileType = wrapper.application; includeInIndex = 0; path = "Pull to do.app"; sourceTree = BUILT_PRODUCTS_DIR; };
		3D68314B2B23075700F09244 /* Pull_to_doApp.swift */ = {isa = PBXFileReference; lastKnownFileType = sourcecode.swift; path = Pull_to_doApp.swift; sourceTree = "<group>"; };
		3D68314D2B23075700F09244 /* ContentView.swift */ = {isa = PBXFileReference; lastKnownFileType = sourcecode.swift; path = ContentView.swift; sourceTree = "<group>"; };
		3D68314F2B23075800F09244 /* Assets.xcassets */ = {isa = PBXFileReference; lastKnownFileType = folder.assetcatalog; path = Assets.xcassets; sourceTree = "<group>"; };
		3D6831522B23075800F09244 /* Preview Assets.xcassets */ = {isa = PBXFileReference; lastKnownFileType = folder.assetcatalog; path = "Preview Assets.xcassets"; sourceTree = "<group>"; };
		3D6831582B23075800F09244 /* Pull to doTests.xctest */ = {isa = PBXFileReference; explicitFileType = wrapper.cfbundle; includeInIndex = 0; path = "Pull to doTests.xctest"; sourceTree = BUILT_PRODUCTS_DIR; };
		3D68315C2B23075800F09244 /* Pull_to_doTests.swift */ = {isa = PBXFileReference; lastKnownFileType = sourcecode.swift; path = Pull_to_doTests.swift; sourceTree = "<group>"; };
		3D6831622B23075800F09244 /* Pull to doUITests.xctest */ = {isa = PBXFileReference; explicitFileType = wrapper.cfbundle; includeInIndex = 0; path = "Pull to doUITests.xctest"; sourceTree = BUILT_PRODUCTS_DIR; };
		3D6831662B23075800F09244 /* Pull_to_doUITests.swift */ = {isa = PBXFileReference; lastKnownFileType = sourcecode.swift; path = Pull_to_doUITests.swift; sourceTree = "<group>"; };
		3D6831682B23075800F09244 /* Pull_to_doUITestsLaunchTests.swift */ = {isa = PBXFileReference; lastKnownFileType = sourcecode.swift; path = Pull_to_doUITestsLaunchTests.swift; sourceTree = "<group>"; };
		3D7EB82F2B49AE7200AC6378 /* SwiftUI-Refresher-1.1.7.zip */ = {isa = PBXFileReference; lastKnownFileType = archive.zip; path = "SwiftUI-Refresher-1.1.7.zip"; sourceTree = "<group>"; };
/* End PBXFileReference section */

/* Begin PBXFrameworksBuildPhase section */
		3D6831452B23075700F09244 /* Frameworks */ = {
			isa = PBXFrameworksBuildPhase;
			buildActionMask = 2147483647;
			files = (
			);
			runOnlyForDeploymentPostprocessing = 0;
		};
		3D6831552B23075800F09244 /* Frameworks */ = {
			isa = PBXFrameworksBuildPhase;
			buildActionMask = 2147483647;
			files = (
			);
			runOnlyForDeploymentPostprocessing = 0;
		};
		3D68315F2B23075800F09244 /* Frameworks */ = {
			isa = PBXFrameworksBuildPhase;
			buildActionMask = 2147483647;
			files = (
			);
			runOnlyForDeploymentPostprocessing = 0;
		};
/* End PBXFrameworksBuildPhase section */

/* Begin PBXGroup section */
		3D68313F2B23075700F09244 = {
			isa = PBXGroup;
			children = (
				3D68314A2B23075700F09244 /* Pull to do */,
				3D68315B2B23075800F09244 /* Pull to doTests */,
				3D6831652B23075800F09244 /* Pull to doUITests */,
				3D6831492B23075700F09244 /* Products */,
			);
			sourceTree = "<group>";
		};
		3D6831492B23075700F09244 /* Products */ = {
			isa = PBXGroup;
			children = (
				3D6831482B23075700F09244 /* Pull to do.app */,
				3D6831582B23075800F09244 /* Pull to doTests.xctest */,
				3D6831622B23075800F09244 /* Pull to doUITests.xctest */,
			);
			name = Products;
			sourceTree = "<group>";
		};
		3D68314A2B23075700F09244 /* Pull to do */ = {
			isa = PBXGroup;
			children = (
				3D68314B2B23075700F09244 /* Pull_to_doApp.swift */,
				3D68314D2B23075700F09244 /* ContentView.swift */,
				3D68314F2B23075800F09244 /* Assets.xcassets */,
				3D605EB42B53CAA9007C7463 /* Localizable.xcstrings */,
				3D6831512B23075800F09244 /* Preview Content */,
			);
			path = "Pull to do";
			sourceTree = "<group>";
		};
		3D6831512B23075800F09244 /* Preview Content */ = {
			isa = PBXGroup;
			children = (
				3D6831522B23075800F09244 /* Preview Assets.xcassets */,
			);
			path = "Preview Content";
			sourceTree = "<group>";
		};
		3D68315B2B23075800F09244 /* Pull to doTests */ = {
			isa = PBXGroup;
			children = (
				3D68315C2B23075800F09244 /* Pull_to_doTests.swift */,
			);
			path = "Pull to doTests";
			sourceTree = "<group>";
		};
		3D6831652B23075800F09244 /* Pull to doUITests */ = {
			isa = PBXGroup;
			children = (
				3D7EB82F2B49AE7200AC6378 /* SwiftUI-Refresher-1.1.7.zip */,
				3D6831662B23075800F09244 /* Pull_to_doUITests.swift */,
				3D6831682B23075800F09244 /* Pull_to_doUITestsLaunchTests.swift */,
			);
			path = "Pull to doUITests";
			sourceTree = "<group>";
		};
/* End PBXGroup section */

/* Begin PBXNativeTarget section */
		3D6831472B23075700F09244 /* Pull to do */ = {
			isa = PBXNativeTarget;
			buildConfigurationList = 3D68316C2B23075800F09244 /* Build configuration list for PBXNativeTarget "Pull to do" */;
			buildPhases = (
				3D6831442B23075700F09244 /* Sources */,
				3D6831452B23075700F09244 /* Frameworks */,
				3D6831462B23075700F09244 /* Resources */,
			);
			buildRules = (
			);
			dependencies = (
			);
			name = "Pull to do";
			productName = "Pull to do";
			productReference = 3D6831482B23075700F09244 /* Pull to do.app */;
			productType = "com.apple.product-type.application";
		};
		3D6831572B23075800F09244 /* Pull to doTests */ = {
			isa = PBXNativeTarget;
			buildConfigurationList = 3D68316F2B23075800F09244 /* Build configuration list for PBXNativeTarget "Pull to doTests" */;
			buildPhases = (
				3D6831542B23075800F09244 /* Sources */,
				3D6831552B23075800F09244 /* Frameworks */,
				3D6831562B23075800F09244 /* Resources */,
			);
			buildRules = (
			);
			dependencies = (
				3D68315A2B23075800F09244 /* PBXTargetDependency */,
			);
			name = "Pull to doTests";
			productName = "Pull to doTests";
			productReference = 3D6831582B23075800F09244 /* Pull to doTests.xctest */;
			productType = "com.apple.product-type.bundle.unit-test";
		};
		3D6831612B23075800F09244 /* Pull to doUITests */ = {
			isa = PBXNativeTarget;
			buildConfigurationList = 3D6831722B23075800F09244 /* Build configuration list for PBXNativeTarget "Pull to doUITests" */;
			buildPhases = (
				3D68315E2B23075800F09244 /* Sources */,
				3D68315F2B23075800F09244 /* Frameworks */,
				3D6831602B23075800F09244 /* Resources */,
			);
			buildRules = (
			);
			dependencies = (
				3D6831642B23075800F09244 /* PBXTargetDependency */,
			);
			name = "Pull to doUITests";
			productName = "Pull to doUITests";
			productReference = 3D6831622B23075800F09244 /* Pull to doUITests.xctest */;
			productType = "com.apple.product-type.bundle.ui-testing";
		};
/* End PBXNativeTarget section */

/* Begin PBXProject section */
		3D6831402B23075700F09244 /* Project object */ = {
			isa = PBXProject;
			attributes = {
				BuildIndependentTargetsInParallel = 1;
				LastSwiftUpdateCheck = 1500;
				LastUpgradeCheck = 1500;
				TargetAttributes = {
					3D6831472B23075700F09244 = {
						CreatedOnToolsVersion = 15.0.1;
					};
					3D6831572B23075800F09244 = {
						CreatedOnToolsVersion = 15.0.1;
						TestTargetID = 3D6831472B23075700F09244;
					};
					3D6831612B23075800F09244 = {
						CreatedOnToolsVersion = 15.0.1;
						TestTargetID = 3D6831472B23075700F09244;
					};
				};
			};
			buildConfigurationList = 3D6831432B23075700F09244 /* Build configuration list for PBXProject "Pull to do" */;
			compatibilityVersion = "Xcode 14.0";
			developmentRegion = en;
			hasScannedForEncodings = 0;
			knownRegions = (
				en,
				Base,
				"zh-Hans",
			);
			mainGroup = 3D68313F2B23075700F09244;
			productRefGroup = 3D6831492B23075700F09244 /* Products */;
			projectDirPath = "";
			projectRoot = "";
			targets = (
				3D6831472B23075700F09244 /* Pull to do */,
				3D6831572B23075800F09244 /* Pull to doTests */,
				3D6831612B23075800F09244 /* Pull to doUITests */,
			);
		};
/* End PBXProject section */

/* Begin PBXResourcesBuildPhase section */
		3D6831462B23075700F09244 /* Resources */ = {
			isa = PBXResourcesBuildPhase;
			buildActionMask = 2147483647;
			files = (
				3D6831532B23075800F09244 /* Preview Assets.xcassets in Resources */,
				3D7EB8302B49AE7200AC6378 /* SwiftUI-Refresher-1.1.7.zip in Resources */,
				3D605EB52B53CAA9007C7463 /* Localizable.xcstrings in Resources */,
				3D6831502B23075800F09244 /* Assets.xcassets in Resources */,
			);
			runOnlyForDeploymentPostprocessing = 0;
		};
		3D6831562B23075800F09244 /* Resources */ = {
			isa = PBXResourcesBuildPhase;
			buildActionMask = 2147483647;
			files = (
			);
			runOnlyForDeploymentPostprocessing = 0;
		};
		3D6831602B23075800F09244 /* Resources */ = {
			isa = PBXResourcesBuildPhase;
			buildActionMask = 2147483647;
			files = (
			);
			runOnlyForDeploymentPostprocessing = 0;
		};
/* End PBXResourcesBuildPhase section */

/* Begin PBXSourcesBuildPhase section */
		3D6831442B23075700F09244 /* Sources */ = {
			isa = PBXSourcesBuildPhase;
			buildActionMask = 2147483647;
			files = (
				3D68314E2B23075700F09244 /* ContentView.swift in Sources */,
				3D68314C2B23075700F09244 /* Pull_to_doApp.swift in Sources */,
			);
			runOnlyForDeploymentPostprocessing = 0;
		};
		3D6831542B23075800F09244 /* Sources */ = {
			isa = PBXSourcesBuildPhase;
			buildActionMask = 2147483647;
			files = (
				3D68315D2B23075800F09244 /* Pull_to_doTests.swift in Sources */,
			);
			runOnlyForDeploymentPostprocessing = 0;
		};
		3D68315E2B23075800F09244 /* Sources */ = {
			isa = PBXSourcesBuildPhase;
			buildActionMask = 2147483647;
			files = (
				3D6831672B23075800F09244 /* Pull_to_doUITests.swift in Sources */,
				3D6831692B23075800F09244 /* Pull_to_doUITestsLaunchTests.swift in Sources */,
			);
			runOnlyForDeploymentPostprocessing = 0;
		};
/* End PBXSourcesBuildPhase section */

/* Begin PBXTargetDependency section */
		3D68315A2B23075800F09244 /* PBXTargetDependency */ = {
			isa = PBXTargetDependency;
			target = 3D6831472B23075700F09244 /* Pull to do */;
			targetProxy = 3D6831592B23075800F09244 /* PBXContainerItemProxy */;
		};
		3D6831642B23075800F09244 /* PBXTargetDependency */ = {
			isa = PBXTargetDependency;
			target = 3D6831472B23075700F09244 /* Pull to do */;
			targetProxy = 3D6831632B23075800F09244 /* PBXContainerItemProxy */;
		};
/* End PBXTargetDependency section */

/* Begin XCBuildConfiguration section */
		3D68316A2B23075800F09244 /* Debug */ = {
			isa = XCBuildConfiguration;
			buildSettings = {
				ALWAYS_SEARCH_USER_PATHS = NO;
				ASSETCATALOG_COMPILER_GENERATE_SWIFT_ASSET_SYMBOL_EXTENSIONS = YES;
				CLANG_ANALYZER_NONNULL = YES;
				CLANG_ANALYZER_NUMBER_OBJECT_CONVERSION = YES_AGGRESSIVE;
				CLANG_CXX_LANGUAGE_STANDARD = "gnu++20";
				CLANG_ENABLE_MODULES = YES;
				CLANG_ENABLE_OBJC_ARC = YES;
				CLANG_ENABLE_OBJC_WEAK = YES;
				CLANG_WARN_BLOCK_CAPTURE_AUTORELEASING = YES;
				CLANG_WARN_BOOL_CONVERSION = YES;
				CLANG_WARN_COMMA = YES;
				CLANG_WARN_CONSTANT_CONVERSION = YES;
				CLANG_WARN_DEPRECATED_OBJC_IMPLEMENTATIONS = YES;
				CLANG_WARN_DIRECT_OBJC_ISA_USAGE = YES_ERROR;
				CLANG_WARN_DOCUMENTATION_COMMENTS = YES;
				CLANG_WARN_EMPTY_BODY = YES;
				CLANG_WARN_ENUM_CONVERSION = YES;
				CLANG_WARN_INFINITE_RECURSION = YES;
				CLANG_WARN_INT_CONVERSION = YES;
				CLANG_WARN_NON_LITERAL_NULL_CONVERSION = YES;
				CLANG_WARN_OBJC_IMPLICIT_RETAIN_SELF = YES;
				CLANG_WARN_OBJC_LITERAL_CONVERSION = YES;
				CLANG_WARN_OBJC_ROOT_CLASS = YES_ERROR;
				CLANG_WARN_QUOTED_INCLUDE_IN_FRAMEWORK_HEADER = YES;
				CLANG_WARN_RANGE_LOOP_ANALYSIS = YES;
				CLANG_WARN_STRICT_PROTOTYPES = YES;
				CLANG_WARN_SUSPICIOUS_MOVE = YES;
				CLANG_WARN_UNGUARDED_AVAILABILITY = YES_AGGRESSIVE;
				CLANG_WARN_UNREACHABLE_CODE = YES;
				CLANG_WARN__DUPLICATE_METHOD_MATCH = YES;
				COPY_PHASE_STRIP = NO;
				DEBUG_INFORMATION_FORMAT = dwarf;
				ENABLE_STRICT_OBJC_MSGSEND = YES;
				ENABLE_TESTABILITY = YES;
				ENABLE_USER_SCRIPT_SANDBOXING = YES;
				GCC_C_LANGUAGE_STANDARD = gnu17;
				GCC_DYNAMIC_NO_PIC = NO;
				GCC_NO_COMMON_BLOCKS = YES;
				GCC_OPTIMIZATION_LEVEL = 0;
				GCC_PREPROCESSOR_DEFINITIONS = (
					"DEBUG=1",
					"$(inherited)",
				);
				GCC_WARN_64_TO_32_BIT_CONVERSION = YES;
				GCC_WARN_ABOUT_RETURN_TYPE = YES_ERROR;
				GCC_WARN_UNDECLARED_SELECTOR = YES;
				GCC_WARN_UNINITIALIZED_AUTOS = YES_AGGRESSIVE;
				GCC_WARN_UNUSED_FUNCTION = YES;
				GCC_WARN_UNUSED_VARIABLE = YES;
				IPHONEOS_DEPLOYMENT_TARGET = 16.0;
				LOCALIZATION_PREFERS_STRING_CATALOGS = YES;
				MTL_ENABLE_DEBUG_INFO = INCLUDE_SOURCE;
				MTL_FAST_MATH = YES;
				ONLY_ACTIVE_ARCH = YES;
				SDKROOT = iphoneos;
				SWIFT_ACTIVE_COMPILATION_CONDITIONS = "DEBUG $(inherited)";
				SWIFT_OPTIMIZATION_LEVEL = "-Onone";
			};
			name = Debug;
		};
		3D68316B2B23075800F09244 /* Release */ = {
			isa = XCBuildConfiguration;
			buildSettings = {
				ALWAYS_SEARCH_USER_PATHS = NO;
				ASSETCATALOG_COMPILER_GENERATE_SWIFT_ASSET_SYMBOL_EXTENSIONS = YES;
				CLANG_ANALYZER_NONNULL = YES;
				CLANG_ANALYZER_NUMBER_OBJECT_CONVERSION = YES_AGGRESSIVE;
				CLANG_CXX_LANGUAGE_STANDARD = "gnu++20";
				CLANG_ENABLE_MODULES = YES;
				CLANG_ENABLE_OBJC_ARC = YES;
				CLANG_ENABLE_OBJC_WEAK = YES;
				CLANG_WARN_BLOCK_CAPTURE_AUTORELEASING = YES;
				CLANG_WARN_BOOL_CONVERSION = YES;
				CLANG_WARN_COMMA = YES;
				CLANG_WARN_CONSTANT_CONVERSION = YES;
				CLANG_WARN_DEPRECATED_OBJC_IMPLEMENTATIONS = YES;
				CLANG_WARN_DIRECT_OBJC_ISA_USAGE = YES_ERROR;
				CLANG_WARN_DOCUMENTATION_COMMENTS = YES;
				CLANG_WARN_EMPTY_BODY = YES;
				CLANG_WARN_ENUM_CONVERSION = YES;
				CLANG_WARN_INFINITE_RECURSION = YES;
				CLANG_WARN_INT_CONVERSION = YES;
				CLANG_WARN_NON_LITERAL_NULL_CONVERSION = YES;
				CLANG_WARN_OBJC_IMPLICIT_RETAIN_SELF = YES;
				CLANG_WARN_OBJC_LITERAL_CONVERSION = YES;
				CLANG_WARN_OBJC_ROOT_CLASS = YES_ERROR;
				CLANG_WARN_QUOTED_INCLUDE_IN_FRAMEWORK_HEADER = YES;
				CLANG_WARN_RANGE_LOOP_ANALYSIS = YES;
				CLANG_WARN_STRICT_PROTOTYPES = YES;
				CLANG_WARN_SUSPICIOUS_MOVE = YES;
				CLANG_WARN_UNGUARDED_AVAILABILITY = YES_AGGRESSIVE;
				CLANG_WARN_UNREACHABLE_CODE = YES;
				CLANG_WARN__DUPLICATE_METHOD_MATCH = YES;
				COPY_PHASE_STRIP = NO;
				DEBUG_INFORMATION_FORMAT = "dwarf-with-dsym";
				ENABLE_NS_ASSERTIONS = NO;
				ENABLE_STRICT_OBJC_MSGSEND = YES;
				ENABLE_USER_SCRIPT_SANDBOXING = YES;
				GCC_C_LANGUAGE_STANDARD = gnu17;
				GCC_NO_COMMON_BLOCKS = YES;
				GCC_WARN_64_TO_32_BIT_CONVERSION = YES;
				GCC_WARN_ABOUT_RETURN_TYPE = YES_ERROR;
				GCC_WARN_UNDECLARED_SELECTOR = YES;
				GCC_WARN_UNINITIALIZED_AUTOS = YES_AGGRESSIVE;
				GCC_WARN_UNUSED_FUNCTION = YES;
				GCC_WARN_UNUSED_VARIABLE = YES;
				IPHONEOS_DEPLOYMENT_TARGET = 16.0;
				LOCALIZATION_PREFERS_STRING_CATALOGS = YES;
				MTL_ENABLE_DEBUG_INFO = NO;
				MTL_FAST_MATH = YES;
				SDKROOT = iphoneos;
				SWIFT_COMPILATION_MODE = wholemodule;
				VALIDATE_PRODUCT = YES;
			};
			name = Release;
		};
		3D68316D2B23075800F09244 /* Debug */ = {
			isa = XCBuildConfiguration;
			buildSettings = {
				ASSETCATALOG_COMPILER_APPICON_NAME = AppIcon;
				ASSETCATALOG_COMPILER_GLOBAL_ACCENT_COLOR_NAME = AccentColor;
				CODE_SIGN_STYLE = Automatic;
				CURRENT_PROJECT_VERSION = 1;
				DEVELOPMENT_ASSET_PATHS = "\"Pull to do/Preview Content\"";
				DEVELOPMENT_TEAM = F7QMPCXXRZ;
				ENABLE_PREVIEWS = YES;
				GENERATE_INFOPLIST_FILE = YES;
				INFOPLIST_KEY_CFBundleDisplayName = "Pure To Do";
				INFOPLIST_KEY_LSApplicationCategoryType = "public.app-category.productivity";
				INFOPLIST_KEY_UIApplicationSceneManifest_Generation = YES;
				INFOPLIST_KEY_UIApplicationSupportsIndirectInputEvents = YES;
				INFOPLIST_KEY_UILaunchScreen_Generation = YES;
				INFOPLIST_KEY_UISupportedInterfaceOrientations_iPad = "UIInterfaceOrientationPortrait UIInterfaceOrientationPortraitUpsideDown UIInterfaceOrientationLandscapeLeft UIInterfaceOrientationLandscapeRight";
				INFOPLIST_KEY_UISupportedInterfaceOrientations_iPhone = "UIInterfaceOrientationPortrait UIInterfaceOrientationLandscapeLeft UIInterfaceOrientationLandscapeRight";
				IPHONEOS_DEPLOYMENT_TARGET = 16.0;
				LD_RUNPATH_SEARCH_PATHS = (
					"$(inherited)",
					"@executable_path/Frameworks",
				);
				MARKETING_VERSION = 1.0;
				PRODUCT_BUNDLE_IDENTIFIER = "Harry.P.Pure-To-Do";
				PRODUCT_NAME = "$(TARGET_NAME)";
				SWIFT_EMIT_LOC_STRINGS = YES;
				SWIFT_VERSION = 5.0;
				TARGETED_DEVICE_FAMILY = "1,2";
			};
			name = Debug;
		};
		3D68316E2B23075800F09244 /* Release */ = {
			isa = XCBuildConfiguration;
			buildSettings = {
				ASSETCATALOG_COMPILER_APPICON_NAME = AppIcon;
				ASSETCATALOG_COMPILER_GLOBAL_ACCENT_COLOR_NAME = AccentColor;
				CODE_SIGN_STYLE = Automatic;
				CURRENT_PROJECT_VERSION = 1;
				DEVELOPMENT_ASSET_PATHS = "\"Pull to do/Preview Content\"";
				DEVELOPMENT_TEAM = F7QMPCXXRZ;
				ENABLE_PREVIEWS = YES;
				GENERATE_INFOPLIST_FILE = YES;
				INFOPLIST_KEY_CFBundleDisplayName = "Pure To Do";
				INFOPLIST_KEY_LSApplicationCategoryType = "public.app-category.productivity";
				INFOPLIST_KEY_UIApplicationSceneManifest_Generation = YES;
				INFOPLIST_KEY_UIApplicationSupportsIndirectInputEvents = YES;
				INFOPLIST_KEY_UILaunchScreen_Generation = YES;
				INFOPLIST_KEY_UISupportedInterfaceOrientations_iPad = "UIInterfaceOrientationPortrait UIInterfaceOrientationPortraitUpsideDown UIInterfaceOrientationLandscapeLeft UIInterfaceOrientationLandscapeRight";
				INFOPLIST_KEY_UISupportedInterfaceOrientations_iPhone = "UIInterfaceOrientationPortrait UIInterfaceOrientationLandscapeLeft UIInterfaceOrientationLandscapeRight";
				IPHONEOS_DEPLOYMENT_TARGET = 16.0;
				LD_RUNPATH_SEARCH_PATHS = (
					"$(inherited)",
					"@executable_path/Frameworks",
				);
				MARKETING_VERSION = 1.0;
				PRODUCT_BUNDLE_IDENTIFIER = "Harry.P.Pure-To-Do";
				PRODUCT_NAME = "$(TARGET_NAME)";
				SWIFT_EMIT_LOC_STRINGS = YES;
				SWIFT_VERSION = 5.0;
				TARGETED_DEVICE_FAMILY = "1,2";
			};
			name = Release;
		};
		3D6831702B23075800F09244 /* Debug */ = {
			isa = XCBuildConfiguration;
			buildSettings = {
				ALWAYS_EMBED_SWIFT_STANDARD_LIBRARIES = YES;
				BUNDLE_LOADER = "$(TEST_HOST)";
				CODE_SIGN_STYLE = Automatic;
				CURRENT_PROJECT_VERSION = 1;
				DEVELOPMENT_TEAM = F7QMPCXXRZ;
				GENERATE_INFOPLIST_FILE = YES;
				IPHONEOS_DEPLOYMENT_TARGET = 17.0;
				MARKETING_VERSION = 1.0;
				PRODUCT_BUNDLE_IDENTIFIER = "Harry.P.Pull-to-doTests";
				PRODUCT_NAME = "$(TARGET_NAME)";
				SWIFT_EMIT_LOC_STRINGS = NO;
				SWIFT_VERSION = 5.0;
				TARGETED_DEVICE_FAMILY = "1,2";
				TEST_HOST = "$(BUILT_PRODUCTS_DIR)/Pull to do.app/$(BUNDLE_EXECUTABLE_FOLDER_PATH)/Pull to do";
			};
			name = Debug;
		};
		3D6831712B23075800F09244 /* Release */ = {
			isa = XCBuildConfiguration;
			buildSettings = {
				ALWAYS_EMBED_SWIFT_STANDARD_LIBRARIES = YES;
				BUNDLE_LOADER = "$(TEST_HOST)";
				CODE_SIGN_STYLE = Automatic;
				CURRENT_PROJECT_VERSION = 1;
				DEVELOPMENT_TEAM = F7QMPCXXRZ;
				GENERATE_INFOPLIST_FILE = YES;
				IPHONEOS_DEPLOYMENT_TARGET = 17.0;
				MARKETING_VERSION = 1.0;
				PRODUCT_BUNDLE_IDENTIFIER = "Harry.P.Pull-to-doTests";
				PRODUCT_NAME = "$(TARGET_NAME)";
				SWIFT_EMIT_LOC_STRINGS = NO;
				SWIFT_VERSION = 5.0;
				TARGETED_DEVICE_FAMILY = "1,2";
				TEST_HOST = "$(BUILT_PRODUCTS_DIR)/Pull to do.app/$(BUNDLE_EXECUTABLE_FOLDER_PATH)/Pull to do";
			};
			name = Release;
		};
		3D6831732B23075800F09244 /* Debug */ = {
			isa = XCBuildConfiguration;
			buildSettings = {
				ALWAYS_EMBED_SWIFT_STANDARD_LIBRARIES = YES;
				CODE_SIGN_STYLE = Automatic;
				CURRENT_PROJECT_VERSION = 1;
				DEVELOPMENT_TEAM = F7QMPCXXRZ;
				GENERATE_INFOPLIST_FILE = YES;
				MARKETING_VERSION = 1.0;
				PRODUCT_BUNDLE_IDENTIFIER = "Harry.P.Pull-to-doUITests";
				PRODUCT_NAME = "$(TARGET_NAME)";
				SWIFT_EMIT_LOC_STRINGS = NO;
				SWIFT_VERSION = 5.0;
				TARGETED_DEVICE_FAMILY = "1,2";
				TEST_TARGET_NAME = "Pull to do";
			};
			name = Debug;
		};
		3D6831742B23075800F09244 /* Release */ = {
			isa = XCBuildConfiguration;
			buildSettings = {
				ALWAYS_EMBED_SWIFT_STANDARD_LIBRARIES = YES;
				CODE_SIGN_STYLE = Automatic;
				CURRENT_PROJECT_VERSION = 1;
				DEVELOPMENT_TEAM = F7QMPCXXRZ;
				GENERATE_INFOPLIST_FILE = YES;
				MARKETING_VERSION = 1.0;
				PRODUCT_BUNDLE_IDENTIFIER = "Harry.P.Pull-to-doUITests";
				PRODUCT_NAME = "$(TARGET_NAME)";
				SWIFT_EMIT_LOC_STRINGS = NO;
				SWIFT_VERSION = 5.0;
				TARGETED_DEVICE_FAMILY = "1,2";
				TEST_TARGET_NAME = "Pull to do";
			};
			name = Release;
		};
/* End XCBuildConfiguration section */

/* Begin XCConfigurationList section */
		3D6831432B23075700F09244 /* Build configuration list for PBXProject "Pull to do" */ = {
			isa = XCConfigurationList;
			buildConfigurations = (
				3D68316A2B23075800F09244 /* Debug */,
				3D68316B2B23075800F09244 /* Release */,
			);
			defaultConfigurationIsVisible = 0;
			defaultConfigurationName = Release;
		};
		3D68316C2B23075800F09244 /* Build configuration list for PBXNativeTarget "Pull to do" */ = {
			isa = XCConfigurationList;
			buildConfigurations = (
				3D68316D2B23075800F09244 /* Debug */,
				3D68316E2B23075800F09244 /* Release */,
			);
			defaultConfigurationIsVisible = 0;
			defaultConfigurationName = Release;
		};
		3D68316F2B23075800F09244 /* Build configuration list for PBXNativeTarget "Pull to doTests" */ = {
			isa = XCConfigurationList;
			buildConfigurations = (
				3D6831702B23075800F09244 /* Debug */,
				3D6831712B23075800F09244 /* Release */,
			);
			defaultConfigurationIsVisible = 0;
			defaultConfigurationName = Release;
		};
		3D6831722B23075800F09244 /* Build configuration list for PBXNativeTarget "Pull to doUITests" */ = {
			isa = XCConfigurationList;
			buildConfigurations = (
				3D6831732B23075800F09244 /* Debug */,
				3D6831742B23075800F09244 /* Release */,
			);
			defaultConfigurationIsVisible = 0;
			defaultConfigurationName = Release;
		};
/* End XCConfigurationList section */
	};
	rootObject = 3D6831402B23075700F09244 /* Project object */;
}
